
Microsoft Visual Studio Solution File, Format Version 12.00
# Visual Studio Version 16
VisualStudioVersion = 16.0.32228.343
MinimumVisualStudioVersion = 10.0.40219.1
Project("{FAE04EC0-301F-11D3-BF4B-00C04F79EFBC}") = "Task1304", "Task1304\Task1304.csproj", "{426F3C4C-337C-4459-972E-0A19D20ABC2F}"
EndProject
Global
	GlobalSection(SolutionConfigurationPlatforms) = preSolution
		Debug|Any CPU = Debug|Any CPU
		Release|Any CPU = Release|Any CPU
	EndGlobalSection
	GlobalSection(ProjectConfigurationPlatforms) = postSolution
		{426F3C4C-337C-4459-972E-0A19D20ABC2F}.Debug|Any CPU.ActiveCfg = Debug|Any CPU
		{426F3C4C-337C-4459-972E-0A19D20ABC2F}.Debug|Any CPU.Build.0 = Debug|Any CPU
		{426F3C4C-337C-4459-972E-0A19D20ABC2F}.Release|Any CPU.ActiveCfg = Release|Any CPU
		{426F3C4C-337C-4459-972E-0A19D20ABC2F}.Release|Any CPU.Build.0 = Release|Any CPU
	EndGlobalSection
	GlobalSection(SolutionProperties) = preSolution
		HideSolutionNode = FALSE
	EndGlobalSection
	GlobalSection(ExtensibilityGlobals) = postSolution
		SolutionGuid = {1D3485F8-8BD2-432A-9F53-C1935E28F564}
	EndGlobalSection
EndGlobal
